<?xml version="1.0" encoding="utf-8"?>
<Project ToolsVersion="4.0" xmlns="http://schemas.microsoft.com/developer/msbuild/2003">
  <ItemGroup>
    <ClCompile Include="clientgui.cpp">
      <Filter>Source Files</Filter>
    </ClCompile>
    <ClCompile Include="creategamewindow.cpp">
      <Filter>Source Files</Filter>
    </ClCompile>
    <ClCompile Include="drawingwidget.cpp">
      <Filter>Source Files</Filter>
    </ClCompile>
    <ClCompile Include="lobby.cpp">
      <Filter>Source Files</Filter>
    </ClCompile>
    <ClCompile Include="loginwindow.cpp">
      <Filter>Source Files</Filter>
    </ClCompile>
    <ClCompile Include="main.cpp">
      <Filter>Source Files</Filter>
    </ClCompile>
    <ClCompile Include="mainwindow.cpp">
      <Filter>Source Files</Filter>
    </ClCompile>
    <ClCompile Include="registerwindow.cpp">
      <Filter>Source Files</Filter>
    </ClCompile>
    <ClCompile Include="settingswindow.cpp">
      <Filter>Source Files</Filter>
    </ClCompile>
    <ClCompile Include="soundmanager.cpp">
      <Filter>Source Files</Filter>
    </ClCompile>
    <ClCompile Include="startwindow.cpp">
      <Filter>Source Files</Filter>
    </ClCompile>
    <ClCompile Include="userwindow.cpp">
      <Filter>Source Files</Filter>
    </ClCompile>
    <ClCompile Include="watchwidget.cpp">
      <Filter>Source Files</Filter>
    </ClCompile>
    <ClCompile Include="joingame.cpp">
      <Filter>Source Files</Filter>
    </ClCompile>
    <ClCompile Include="profilewindow.cpp">
      <Filter>Source Files</Filter>
    </ClCompile>
    <ClCompile Include="thememanager.cpp">
      <Filter>Source Files</Filter>
    </ClCompile>
  </ItemGroup>
  <ItemGroup>
    <Media Include="Sounds\MainMenu.wav" />
  </ItemGroup>
  <ItemGroup>
    <QtMoc Include="clientgui.h">
      <Filter>Header Files</Filter>
    </QtMoc>
    <QtMoc Include="creategamewindow.h">
      <Filter>Header Files</Filter>
    </QtMoc>
    <QtMoc Include="drawingwidget.h">
      <Filter>Header Files</Filter>
    </QtMoc>
    <QtMoc Include="lobby.h">
      <Filter>Header Files</Filter>
    </QtMoc>
    <QtMoc Include="loginwindow.h">
      <Filter>Header Files</Filter>
    </QtMoc>
    <QtMoc Include="mainwindow.h">
      <Filter>Header Files</Filter>
    </QtMoc>
    <QtMoc Include="registerwindow.h">
      <Filter>Header Files</Filter>
    </QtMoc>
    <QtMoc Include="settingswindow.h">
      <Filter>Header Files</Filter>
    </QtMoc>
    <QtMoc Include="soundmanager.h">
      <Filter>Header Files</Filter>
    </QtMoc>
    <QtMoc Include="startwindow.h">
      <Filter>Header Files</Filter>
    </QtMoc>
    <QtMoc Include="userwindow.h">
      <Filter>Header Files</Filter>
    </QtMoc>
    <QtMoc Include="watchwidget.h">
      <Filter>Header Files</Filter>
    </QtMoc>
    <QtMoc Include="joingame.h">
      <Filter>Header Files</Filter>
    </QtMoc>
    <QtMoc Include="profilewindow.h">
      <Filter>Header Files</Filter>
    </QtMoc>
    <QtMoc Include="thememanager.h">
      <Filter>Header Files</Filter>
    </QtMoc>
  </ItemGroup>
  <ItemGroup>
    <QtRcc Include="clientgui.qrc" />
  </ItemGroup>
  <ItemGroup>
    <QtUic Include="watchwidget.ui">
      <Filter>UIs</Filter>
    </QtUic>
    <QtUic Include="clientgui.ui">
      <Filter>UIs</Filter>
    </QtUic>
    <QtUic Include="creategamewindow.ui">
      <Filter>UIs</Filter>
    </QtUic>
    <QtUic Include="drawingwidget.ui">
      <Filter>UIs</Filter>
    </QtUic>
    <QtUic Include="lobby.ui">
      <Filter>UIs</Filter>
    </QtUic>
    <QtUic Include="loginwindow.ui">
      <Filter>UIs</Filter>
    </QtUic>
    <QtUic Include="mainwindow.ui">
      <Filter>UIs</Filter>
    </QtUic>
    <QtUic Include="registerwindow.ui">
      <Filter>UIs</Filter>
    </QtUic>
    <QtUic Include="settingswindow.ui">
      <Filter>UIs</Filter>
    </QtUic>
    <QtUic Include="startwindow.ui">
      <Filter>UIs</Filter>
    </QtUic>
    <QtUic Include="userwindow.ui">
      <Filter>UIs</Filter>
    </QtUic>
    <QtUic Include="joingame.ui">
      <Filter>UIs</Filter>
    </QtUic>
    <QtUic Include="profilewindow.ui">
      <Filter>UIs</Filter>
    </QtUic>
  </ItemGroup>
  <ItemGroup>
    <Filter Include="Header Files">
      <UniqueIdentifier>{87121c48-9875-4a11-814d-8f449edb2558}</UniqueIdentifier>
      <Extensions>h;hh;hpp;hxx;h++;hm;inl;inc;ipp;xsd</Extensions>
    </Filter>
    <Filter Include="Source Files">
      <UniqueIdentifier>{cfc16765-3fb7-4ebc-a549-8079a3036778}</UniqueIdentifier>
      <Extensions>cpp</Extensions>
    </Filter>
    <Filter Include="UIs">
      <UniqueIdentifier>{ee7465d5-c31b-46c5-91af-a4d691a1ab82}</UniqueIdentifier>
    </Filter>
  </ItemGroup>
</Project>