
Microsoft Visual Studio Solution File, Format Version 12.00
# Visual Studio Version 17
VisualStudioVersion = 17.3.32825.248
MinimumVisualStudioVersion = 10.0.40219.1
Project("{8BC9CEB8-8B4A-11D0-8D11-00A0C91BC942}") = "HTTPClient", "HTTPClient\HTTPClient.vcxproj", "{FF94BC79-9D7F-4E9E-975C-D17E43C3967A}"
EndProject
Global
	GlobalSection(SolutionConfigurationPlatforms) = preSolution
		Debug|x64 = Debug|x64
		Debug|x86 = Debug|x86
		Release|x64 = Release|x64
		Release|x86 = Release|x86
	EndGlobalSection
	GlobalSection(ProjectConfigurationPlatforms) = postSolution
		{FF94BC79-9D7F-4E9E-975C-D17E43C3967A}.Debug|x64.ActiveCfg = Debug|x64
		{FF94BC79-9D7F-4E9E-975C-D17E43C3967A}.Debug|x64.Build.0 = Debug|x64
		{FF94BC79-9D7F-4E9E-975C-D17E43C3967A}.Debug|x86.ActiveCfg = Debug|Win32
		{FF94BC79-9D7F-4E9E-975C-D17E43C3967A}.Debug|x86.Build.0 = Debug|Win32
		{FF94BC79-9D7F-4E9E-975C-D17E43C3967A}.Release|x64.ActiveCfg = Release|x64
		{FF94BC79-9D7F-4E9E-975C-D17E43C3967A}.Release|x64.Build.0 = Release|x64
		{FF94BC79-9D7F-4E9E-975C-D17E43C3967A}.Release|x86.ActiveCfg = Release|Win32
		{FF94BC79-9D7F-4E9E-975C-D17E43C3967A}.Release|x86.Build.0 = Release|Win32
	EndGlobalSection
	GlobalSection(SolutionProperties) = preSolution
		HideSolutionNode = FALSE
	EndGlobalSection
	GlobalSection(ExtensibilityGlobals) = postSolution
		SolutionGuid = {EDEA6C78-2AB4-44CD-8052-48CF47BFC9C2}
	EndGlobalSection
EndGlobal
